
Microsoft Visual Studio Solution File, Format Version 12.00
# Visual Studio Version 16
VisualStudioVersion = 16.0.29709.97
MinimumVisualStudioVersion = 10.0.40219.1
Project("{9A19103F-16F7-4668-BE54-9A1E7A4F7556}") = "auth_test", "auth_test\auth_test.csproj", "{99572356-0FAB-4C7C-BA27-C3301A843081}"
EndProject
Project("{FAE04EC0-301F-11D3-BF4B-00C04F79EFBC}") = "auth_test.demo.Domain", "auth_test.demo.Domain\auth_test.demo.Domain.csproj", "{08A93DC5-407F-4FBA-B252-811ABD2D9118}"
EndProject
Project("{FAE04EC0-301F-11D3-BF4B-00C04F79EFBC}") = "auth_test.demo.Services", "auth_test.demo.Services\auth_test.demo.Services.csproj", "{5106DC66-8407-4E26-82F6-639D2EC8BF7D}"
EndProject
Project("{FAE04EC0-301F-11D3-BF4B-00C04F79EFBC}") = "auth_test.demo.Entityframework", "auth_test.demo.Entityframework\auth_test.demo.Entityframework.csproj", "{8214BD17-7377-467A-8EB0-9437CC7CF241}"
EndProject
Global
	GlobalSection(SolutionConfigurationPlatforms) = preSolution
		Debug|Any CPU = Debug|Any CPU
		Release|Any CPU = Release|Any CPU
	EndGlobalSection
	GlobalSection(ProjectConfigurationPlatforms) = postSolution
		{99572356-0FAB-4C7C-BA27-C3301A843081}.Debug|Any CPU.ActiveCfg = Debug|Any CPU
		{99572356-0FAB-4C7C-BA27-C3301A843081}.Debug|Any CPU.Build.0 = Debug|Any CPU
		{99572356-0FAB-4C7C-BA27-C3301A843081}.Release|Any CPU.ActiveCfg = Release|Any CPU
		{99572356-0FAB-4C7C-BA27-C3301A843081}.Release|Any CPU.Build.0 = Release|Any CPU
		{08A93DC5-407F-4FBA-B252-811ABD2D9118}.Debug|Any CPU.ActiveCfg = Debug|Any CPU
		{08A93DC5-407F-4FBA-B252-811ABD2D9118}.Debug|Any CPU.Build.0 = Debug|Any CPU
		{08A93DC5-407F-4FBA-B252-811ABD2D9118}.Release|Any CPU.ActiveCfg = Release|Any CPU
		{08A93DC5-407F-4FBA-B252-811ABD2D9118}.Release|Any CPU.Build.0 = Release|Any CPU
		{5106DC66-8407-4E26-82F6-639D2EC8BF7D}.Debug|Any CPU.ActiveCfg = Debug|Any CPU
		{5106DC66-8407-4E26-82F6-639D2EC8BF7D}.Debug|Any CPU.Build.0 = Debug|Any CPU
		{5106DC66-8407-4E26-82F6-639D2EC8BF7D}.Release|Any CPU.ActiveCfg = Release|Any CPU
		{5106DC66-8407-4E26-82F6-639D2EC8BF7D}.Release|Any CPU.Build.0 = Release|Any CPU
		{8214BD17-7377-467A-8EB0-9437CC7CF241}.Debug|Any CPU.ActiveCfg = Debug|Any CPU
		{8214BD17-7377-467A-8EB0-9437CC7CF241}.Debug|Any CPU.Build.0 = Debug|Any CPU
		{8214BD17-7377-467A-8EB0-9437CC7CF241}.Release|Any CPU.ActiveCfg = Release|Any CPU
		{8214BD17-7377-467A-8EB0-9437CC7CF241}.Release|Any CPU.Build.0 = Release|Any CPU
	EndGlobalSection
	GlobalSection(SolutionProperties) = preSolution
		HideSolutionNode = FALSE
	EndGlobalSection
	GlobalSection(ExtensibilityGlobals) = postSolution
		SolutionGuid = {674350C4-87A3-4FFA-9429-05E0732DDA86}
	EndGlobalSection
EndGlobal
